
Microsoft Visual Studio Solution File, Format Version 11.00
# Visual Studio 2010
Project("{FAE04EC0-301F-11D3-BF4B-00C04F79EFBC}") = "HotelWebApplication", "HotelWebApplication\HotelWebApplication.csproj", "{8B6F315A-CC9F-4DC8-B5C5-F130D3B27AA1}"
EndProject
Global
	GlobalSection(SolutionConfigurationPlatforms) = preSolution
		Debug|Any CPU = Debug|Any CPU
		Release|Any CPU = Release|Any CPU
	EndGlobalSection
	GlobalSection(ProjectConfigurationPlatforms) = postSolution
		{8B6F315A-CC9F-4DC8-B5C5-F130D3B27AA1}.Debug|Any CPU.ActiveCfg = Debug|Any CPU
		{8B6F315A-CC9F-4DC8-B5C5-F130D3B27AA1}.Debug|Any CPU.Build.0 = Debug|Any CPU
		{8B6F315A-CC9F-4DC8-B5C5-F130D3B27AA1}.Release|Any CPU.ActiveCfg = Release|Any CPU
		{8B6F315A-CC9F-4DC8-B5C5-F130D3B27AA1}.Release|Any CPU.Build.0 = Release|Any CPU
	EndGlobalSection
	GlobalSection(SolutionProperties) = preSolution
		HideSolutionNode = FALSE
	EndGlobalSection
EndGlobal
